// !$*UTF8*$!
{
	archiveVersion = 1;
	classes = {
	};
	objectVersion = 71;
	objects = {

/* Begin PBXBuildFile section */
		6DAB47EB305AE2B600C64AA2 /* Network.framework in Frameworks */ = {isa = PBXBuildFile; fileRef = A72000000000000000000003 /* Network.framework */; };
		A70000000000000000000001 /* HealthCoachKit in Frameworks */ = {isa = PBXBuildFile; productRef = A71000000000000000000001 /* HealthCoachKit */; };
		A70000000000000000000002 /* HealthCoachKit in Frameworks */ = {isa = PBXBuildFile; productRef = A71000000000000000000001 /* HealthCoachKit */; };
		A70000000000000000000003 /* HealthCoachKit in Frameworks */ = {isa = PBXBuildFile; productRef = A71000000000000000000001 /* HealthCoachKit */; };
		A70100000000000000000001 /* AVFoundation.framework in Frameworks */ = {isa = PBXBuildFile; fileRef = A72000000000000000000001 /* AVFoundation.framework */; };
		A70100000000000000000002 /* HealthKit.framework in Frameworks */ = {isa = PBXBuildFile; fileRef = A72000000000000000000002 /* HealthKit.framework */; };
		A70100000000000000000003 /* Network.framework in Frameworks */ = {isa = PBXBuildFile; fileRef = A72000000000000000000003 /* Network.framework */; };
		A70100000000000000000004 /* WatchConnectivity.framework in Frameworks */ = {isa = PBXBuildFile; fileRef = A72000000000000000000004 /* WatchConnectivity.framework */; };
		A70100000000000000000005 /* AppKit.framework in Frameworks */ = {isa = PBXBuildFile; fileRef = A72000000000000000000005 /* AppKit.framework */; };
		A70100000000000000000006 /* CoreImage.framework in Frameworks */ = {isa = PBXBuildFile; fileRef = A72000000000000000000006 /* CoreImage.framework */; };
		A70100000000000000000007 /* ServiceManagement.framework in Frameworks */ = {isa = PBXBuildFile; fileRef = A72000000000000000000007 /* ServiceManagement.framework */; };
		A70100000000000000000008 /* WatchKit.framework in Frameworks */ = {isa = PBXBuildFile; fileRef = A72000000000000000000008 /* WatchKit.framework */; };
		A70100000000000000000009 /* WatchConnectivity.framework in Frameworks */ = {isa = PBXBuildFile; fileRef = A72000000000000000000009 /* WatchConnectivity.framework */; };
		A7010000000000000000000A /* HealthKit.framework in Frameworks */ = {isa = PBXBuildFile; fileRef = A72000000000000000000002 /* HealthKit.framework */; };
		A70200000000000000000001 /* HealthCoachApp.swift in Sources */ = {isa = PBXBuildFile; fileRef = A73000000000000000000001 /* HealthCoachApp.swift */; };
		A70200000000000000000002 /* iOSAppModel.swift in Sources */ = {isa = PBXBuildFile; fileRef = A73000000000000000000002 /* iOSAppModel.swift */; };
		A70200000000000000000003 /* PhoneSyncService.swift in Sources */ = {isa = PBXBuildFile; fileRef = A73000000000000000000003 /* PhoneSyncService.swift */; };
		A70200000000000000000004 /* PhoneWatchConnectivity.swift in Sources */ = {isa = PBXBuildFile; fileRef = A73000000000000000000004 /* PhoneWatchConnectivity.swift */; };
		A70200000000000000000005 /* iOSRootView.swift in Sources */ = {isa = PBXBuildFile; fileRef = A73000000000000000000005 /* iOSRootView.swift */; };
		A70200000000000000000006 /* iOSMealViews.swift in Sources */ = {isa = PBXBuildFile; fileRef = A73000000000000000000006 /* iOSMealViews.swift */; };
		A70200000000000000000007 /* iOSTrainingViews.swift in Sources */ = {isa = PBXBuildFile; fileRef = A73000000000000000000007 /* iOSTrainingViews.swift */; };
		A70200000000000000000008 /* iOSCoachSettingsViews.swift in Sources */ = {isa = PBXBuildFile; fileRef = A73000000000000000000008 /* iOSCoachSettingsViews.swift */; };
		A70200000000000000000009 /* PairingScannerView.swift in Sources */ = {isa = PBXBuildFile; fileRef = A73000000000000000000009 /* PairingScannerView.swift */; };
		A70300000000000000000001 /* HealthCoachMacApp.swift in Sources */ = {isa = PBXBuildFile; fileRef = A73000000000000000000011 /* HealthCoachMacApp.swift */; };
		A70300000000000000000002 /* MacAppModel.swift in Sources */ = {isa = PBXBuildFile; fileRef = A73000000000000000000012 /* MacAppModel.swift */; };
		A70300000000000000000003 /* MacDashboardView.swift in Sources */ = {isa = PBXBuildFile; fileRef = A73000000000000000000013 /* MacDashboardView.swift */; };
		A70400000000000000000001 /* HealthCoachWatchApp.swift in Sources */ = {isa = PBXBuildFile; fileRef = A73000000000000000000021 /* HealthCoachWatchApp.swift */; };
		A70400000000000000000002 /* WatchConnectivityBridge.swift in Sources */ = {isa = PBXBuildFile; fileRef = A73000000000000000000022 /* WatchConnectivityBridge.swift */; };
		A70400000000000000000003 /* WatchAppModel.swift in Sources */ = {isa = PBXBuildFile; fileRef = A73000000000000000000023 /* WatchAppModel.swift */; };
		A70400000000000000000004 /* WatchWorkoutView.swift in Sources */ = {isa = PBXBuildFile; fileRef = A73000000000000000000024 /* WatchWorkoutView.swift */; };
		A70400000000000000000005 /* WatchWorkoutSessionController.swift in Sources */ = {isa = PBXBuildFile; fileRef = A73000000000000000000025 /* WatchWorkoutSessionController.swift */; };
		A70400000000000000000006 /* WatchApplicationDelegate.swift in Sources */ = {isa = PBXBuildFile; fileRef = A73000000000000000000026 /* WatchApplicationDelegate.swift */; };
/* End PBXBuildFile section */

/* Begin PBXFileReference section */
		A10000000000000000000001 /* HealthCoach.app */ = {isa = PBXFileReference; explicitFileType = wrapper.application; includeInIndex = 0; path = HealthCoach.app; sourceTree = BUILT_PRODUCTS_DIR; };
		A10000000000000000000002 /* HealthCoachMac.app */ = {isa = PBXFileReference; explicitFileType = wrapper.application; includeInIndex = 0; path = HealthCoachMac.app; sourceTree = BUILT_PRODUCTS_DIR; };
		A10000000000000000000003 /* HealthCoachWatch.app */ = {isa = PBXFileReference; explicitFileType = wrapper.application; includeInIndex = 0; path = HealthCoachWatch.app; sourceTree = BUILT_PRODUCTS_DIR; };
		A72000000000000000000001 /* AVFoundation.framework */ = {isa = PBXFileReference; lastKnownFileType = wrapper.framework; name = AVFoundation.framework; path = System/Library/Frameworks/AVFoundation.framework; sourceTree = SDKROOT; };
		A72000000000000000000002 /* HealthKit.framework */ = {isa = PBXFileReference; lastKnownFileType = wrapper.framework; name = HealthKit.framework; path = System/Library/Frameworks/HealthKit.framework; sourceTree = SDKROOT; };
		A72000000000000000000003 /* Network.framework */ = {isa = PBXFileReference; lastKnownFileType = wrapper.framework; name = Network.framework; path = System/Library/Frameworks/Network.framework; sourceTree = SDKROOT; };
		A72000000000000000000004 /* WatchConnectivity.framework */ = {isa = PBXFileReference; lastKnownFileType = wrapper.framework; name = WatchConnectivity.framework; path = System/Library/Frameworks/WatchConnectivity.framework; sourceTree = SDKROOT; };
		A72000000000000000000005 /* AppKit.framework */ = {isa = PBXFileReference; lastKnownFileType = wrapper.framework; name = AppKit.framework; path = System/Library/Frameworks/AppKit.framework; sourceTree = SDKROOT; };
		A72000000000000000000006 /* CoreImage.framework */ = {isa = PBXFileReference; lastKnownFileType = wrapper.framework; name = CoreImage.framework; path = System/Library/Frameworks/CoreImage.framework; sourceTree = SDKROOT; };
		A72000000000000000000007 /* ServiceManagement.framework */ = {isa = PBXFileReference; lastKnownFileType = wrapper.framework; name = ServiceManagement.framework; path = System/Library/Frameworks/ServiceManagement.framework; sourceTree = SDKROOT; };
		A72000000000000000000008 /* WatchKit.framework */ = {isa = PBXFileReference; lastKnownFileType = wrapper.framework; name = WatchKit.framework; path = System/Library/Frameworks/WatchKit.framework; sourceTree = SDKROOT; };
		A72000000000000000000009 /* WatchConnectivity.framework */ = {isa = PBXFileReference; lastKnownFileType = wrapper.framework; name = WatchConnectivity.framework; path = System/Library/Frameworks/WatchConnectivity.framework; sourceTree = SDKROOT; };
		A73000000000000000000001 /* HealthCoachApp.swift */ = {isa = PBXFileReference; lastKnownFileType = sourcecode.swift; path = HealthCoachApp.swift; sourceTree = "<group>"; };
		A73000000000000000000002 /* iOSAppModel.swift */ = {isa = PBXFileReference; lastKnownFileType = sourcecode.swift; path = iOSAppModel.swift; sourceTree = "<group>"; };
		A73000000000000000000003 /* PhoneSyncService.swift */ = {isa = PBXFileReference; lastKnownFileType = sourcecode.swift; path = PhoneSyncService.swift; sourceTree = "<group>"; };
		A73000000000000000000004 /* PhoneWatchConnectivity.swift */ = {isa = PBXFileReference; lastKnownFileType = sourcecode.swift; path = PhoneWatchConnectivity.swift; sourceTree = "<group>"; };
		A73000000000000000000005 /* iOSRootView.swift */ = {isa = PBXFileReference; lastKnownFileType = sourcecode.swift; path = iOSRootView.swift; sourceTree = "<group>"; };
		A73000000000000000000006 /* iOSMealViews.swift */ = {isa = PBXFileReference; lastKnownFileType = sourcecode.swift; path = iOSMealViews.swift; sourceTree = "<group>"; };
		A73000000000000000000007 /* iOSTrainingViews.swift */ = {isa = PBXFileReference; lastKnownFileType = sourcecode.swift; path = iOSTrainingViews.swift; sourceTree = "<group>"; };
		A73000000000000000000008 /* iOSCoachSettingsViews.swift */ = {isa = PBXFileReference; lastKnownFileType = sourcecode.swift; path = iOSCoachSettingsViews.swift; sourceTree = "<group>"; };
		A73000000000000000000009 /* PairingScannerView.swift */ = {isa = PBXFileReference; lastKnownFileType = sourcecode.swift; path = PairingScannerView.swift; sourceTree = "<group>"; };
		A73000000000000000000011 /* HealthCoachMacApp.swift */ = {isa = PBXFileReference; lastKnownFileType = sourcecode.swift; path = HealthCoachMacApp.swift; sourceTree = "<group>"; };
		A73000000000000000000012 /* MacAppModel.swift */ = {isa = PBXFileReference; lastKnownFileType = sourcecode.swift; path = MacAppModel.swift; sourceTree = "<group>"; };
		A73000000000000000000013 /* MacDashboardView.swift */ = {isa = PBXFileReference; lastKnownFileType = sourcecode.swift; path = MacDashboardView.swift; sourceTree = "<group>"; };
		A73000000000000000000021 /* HealthCoachWatchApp.swift */ = {isa = PBXFileReference; lastKnownFileType = sourcecode.swift; path = HealthCoachWatchApp.swift; sourceTree = "<group>"; };
		A73000000000000000000022 /* WatchConnectivityBridge.swift */ = {isa = PBXFileReference; lastKnownFileType = sourcecode.swift; path = WatchConnectivityBridge.swift; sourceTree = "<group>"; };
		A73000000000000000000023 /* WatchAppModel.swift */ = {isa = PBXFileReference; lastKnownFileType = sourcecode.swift; path = WatchAppModel.swift; sourceTree = "<group>"; };
		A73000000000000000000024 /* WatchWorkoutView.swift */ = {isa = PBXFileReference; lastKnownFileType = sourcecode.swift; path = WatchWorkoutView.swift; sourceTree = "<group>"; };
		A73000000000000000000025 /* WatchWorkoutSessionController.swift */ = {isa = PBXFileReference; lastKnownFileType = sourcecode.swift; path = WatchWorkoutSessionController.swift; sourceTree = "<group>"; };
		A73000000000000000000026 /* WatchApplicationDelegate.swift */ = {isa = PBXFileReference; lastKnownFileType = sourcecode.swift; path = WatchApplicationDelegate.swift; sourceTree = "<group>"; };
		A74000000000000000000001 /* Info.plist */ = {isa = PBXFileReference; lastKnownFileType = text.plist.xml; path = Info.plist; sourceTree = "<group>"; };
		A74000000000000000000002 /* Info.plist */ = {isa = PBXFileReference; lastKnownFileType = text.plist.xml; path = Info.plist; sourceTree = "<group>"; };
		A74000000000000000000003 /* Info.plist */ = {isa = PBXFileReference; lastKnownFileType = text.plist.xml; path = Info.plist; sourceTree = "<group>"; };
		A74100000000000000000001 /* HealthCoach.entitlements */ = {isa = PBXFileReference; lastKnownFileType = text.plist.entitlements; path = HealthCoach.entitlements; sourceTree = "<group>"; };
		A74100000000000000000002 /* HealthCoachWatch.entitlements */ = {isa = PBXFileReference; lastKnownFileType = text.plist.entitlements; path = HealthCoachWatch.entitlements; sourceTree = "<group>"; };
/* End PBXFileReference section */

/* Begin PBXFrameworksBuildPhase section */
		A40000000000000000000001 /* Frameworks */ = {
			isa = PBXFrameworksBuildPhase;
			buildActionMask = 2147483647;
			files = (
				A70000000000000000000001 /* HealthCoachKit in Frameworks */,
				A70100000000000000000001 /* AVFoundation.framework in Frameworks */,
				A70100000000000000000002 /* HealthKit.framework in Frameworks */,
				A70100000000000000000003 /* Network.framework in Frameworks */,
				A70100000000000000000004 /* WatchConnectivity.framework in Frameworks */,
			);
			runOnlyForDeploymentPostprocessing = 0;
		};
		A40000000000000000000002 /* Frameworks */ = {
			isa = PBXFrameworksBuildPhase;
			buildActionMask = 2147483647;
			files = (
				A70000000000000000000002 /* HealthCoachKit in Frameworks */,
				A70100000000000000000005 /* AppKit.framework in Frameworks */,
				A70100000000000000000006 /* CoreImage.framework in Frameworks */,
				A70100000000000000000007 /* ServiceManagement.framework in Frameworks */,
				6DAB47EB305AE2B600C64AA2 /* Network.framework in Frameworks */,
			);
			runOnlyForDeploymentPostprocessing = 0;
		};
		A40000000000000000000003 /* Frameworks */ = {
			isa = PBXFrameworksBuildPhase;
			buildActionMask = 2147483647;
			files = (
				A70000000000000000000003 /* HealthCoachKit in Frameworks */,
				A70100000000000000000008 /* WatchKit.framework in Frameworks */,
				A70100000000000000000009 /* WatchConnectivity.framework in Frameworks */,
				A7010000000000000000000A /* HealthKit.framework in Frameworks */,
			);
			runOnlyForDeploymentPostprocessing = 0;
		};
/* End PBXFrameworksBuildPhase section */

/* Begin PBXGroup section */
		6DAB47EC305AE2B600C64AA2 /* Recovered References */ = {
			isa = PBXGroup;
			children = (
				A72000000000000000000001 /* AVFoundation.framework */,
				A72000000000000000000002 /* HealthKit.framework */,
				A72000000000000000000003 /* Network.framework */,
				A72000000000000000000004 /* WatchConnectivity.framework */,
				A72000000000000000000005 /* AppKit.framework */,
				A72000000000000000000006 /* CoreImage.framework */,
				A72000000000000000000007 /* ServiceManagement.framework */,
				A72000000000000000000008 /* WatchKit.framework */,
				A72000000000000000000009 /* WatchConnectivity.framework */,
			);
			name = "Recovered References";
			sourceTree = "<group>";
		};
		A00100000000000000000001 = {
			isa = PBXGroup;
			children = (
				A01000000000000000000001 /* iOS */,
				A01100000000000000000001 /* macOS */,
				A01200000000000000000001 /* watchOS */,
				A00200000000000000000001 /* Products */,
				6DAB47EC305AE2B600C64AA2 /* Recovered References */,
			);
			sourceTree = "<group>";
		};
		A00200000000000000000001 /* Products */ = {
			isa = PBXGroup;
			children = (
				A10000000000000000000001 /* HealthCoach.app */,
				A10000000000000000000002 /* HealthCoachMac.app */,
				A10000000000000000000003 /* HealthCoachWatch.app */,
			);
			name = Products;
			sourceTree = "<group>";
		};
		A01000000000000000000001 /* iOS */ = {
			isa = PBXGroup;
			children = (
				A73000000000000000000001 /* HealthCoachApp.swift */,
				A73000000000000000000002 /* iOSAppModel.swift */,
				A73000000000000000000003 /* PhoneSyncService.swift */,
				A73000000000000000000004 /* PhoneWatchConnectivity.swift */,
				A73000000000000000000005 /* iOSRootView.swift */,
				A73000000000000000000006 /* iOSMealViews.swift */,
				A73000000000000000000007 /* iOSTrainingViews.swift */,
				A73000000000000000000008 /* iOSCoachSettingsViews.swift */,
				A73000000000000000000009 /* PairingScannerView.swift */,
				A74000000000000000000001 /* Info.plist */,
				A74100000000000000000001 /* HealthCoach.entitlements */,
			);
			path = Apps/iOS;
			sourceTree = "<group>";
		};
		A01100000000000000000001 /* macOS */ = {
			isa = PBXGroup;
			children = (
				A73000000000000000000011 /* HealthCoachMacApp.swift */,
				A73000000000000000000012 /* MacAppModel.swift */,
				A73000000000000000000013 /* MacDashboardView.swift */,
				A74000000000000000000002 /* Info.plist */,
			);
			path = Apps/macOS;
			sourceTree = "<group>";
		};
		A01200000000000000000001 /* watchOS */ = {
			isa = PBXGroup;
			children = (
				A73000000000000000000021 /* HealthCoachWatchApp.swift */,
				A73000000000000000000022 /* WatchConnectivityBridge.swift */,
				A73000000000000000000023 /* WatchAppModel.swift */,
				A73000000000000000000024 /* WatchWorkoutView.swift */,
				A73000000000000000000025 /* WatchWorkoutSessionController.swift */,
				A73000000000000000000026 /* WatchApplicationDelegate.swift */,
				A74000000000000000000003 /* Info.plist */,
				A74100000000000000000002 /* HealthCoachWatch.entitlements */,
			);
			path = Apps/watchOS;
			sourceTree = "<group>";
		};
/* End PBXGroup section */

/* Begin PBXNativeTarget section */
		A20000000000000000000001 /* HealthCoachIOS */ = {
			isa = PBXNativeTarget;
			buildConfigurationList = A30000000000000000000001 /* Build configuration list for PBXNativeTarget "HealthCoachIOS" */;
			buildPhases = (
				A50000000000000000000001 /* Sources */,
				A40000000000000000000001 /* Frameworks */,
				A60000000000000000000001 /* Resources */,
			);
			buildRules = (
			);
			dependencies = (
			);
			name = HealthCoachIOS;
			packageProductDependencies = (
				A71000000000000000000001 /* HealthCoachKit */,
			);
			productName = HealthCoachIOS;
			productReference = A10000000000000000000001 /* HealthCoach.app */;
			productType = "com.apple.product-type.application";
		};
		A20000000000000000000002 /* HealthCoachMac */ = {
			isa = PBXNativeTarget;
			buildConfigurationList = A30000000000000000000002 /* Build configuration list for PBXNativeTarget "HealthCoachMac" */;
			buildPhases = (
				A50000000000000000000002 /* Sources */,
				A40000000000000000000002 /* Frameworks */,
				A60000000000000000000002 /* Resources */,
				A80000000000000000000001 /* ShellScript */,
			);
			buildRules = (
			);
			dependencies = (
			);
			name = HealthCoachMac;
			packageProductDependencies = (
				A71000000000000000000001 /* HealthCoachKit */,
			);
			productName = HealthCoachMac;
			productReference = A10000000000000000000002 /* HealthCoachMac.app */;
			productType = "com.apple.product-type.application";
		};
		A20000000000000000000003 /* HealthCoachWatch */ = {
			isa = PBXNativeTarget;
			buildConfigurationList = A30000000000000000000003 /* Build configuration list for PBXNativeTarget "HealthCoachWatch" */;
			buildPhases = (
				A50000000000000000000003 /* Sources */,
				A40000000000000000000003 /* Frameworks */,
				A60000000000000000000003 /* Resources */,
			);
			buildRules = (
			);
			dependencies = (
			);
			name = HealthCoachWatch;
			packageProductDependencies = (
				A71000000000000000000001 /* HealthCoachKit */,
			);
			productName = HealthCoachWatch;
			productReference = A10000000000000000000003 /* HealthCoachWatch.app */;
			productType = "com.apple.product-type.application";
		};
/* End PBXNativeTarget section */

/* Begin PBXProject section */
		A00000000000000000000001 /* Project object */ = {
			isa = PBXProject;
			attributes = {
				LastUpgradeCheck = 2660;
				ORGANIZATIONNAME = MarlonJD;
				TargetAttributes = {
					A20000000000000000000001 = {
						CreatedOnToolsVersion = 26.6;
						SystemCapabilities = {
							com.apple.HealthKit = {
								enabled = 1;
							};
						};
					};
					A20000000000000000000002 = {
						CreatedOnToolsVersion = 26.6;
					};
					A20000000000000000000003 = {
						CreatedOnToolsVersion = 26.6;
						SystemCapabilities = {
							com.apple.HealthKit = {
								enabled = 1;
							};
						};
					};
				};
			};
			buildConfigurationList = A31000000000000000000001 /* Build configuration list for PBXProject "HealthCoach" */;
			compatibilityVersion = "Xcode 16.0";
			developmentRegion = en;
			hasScannedForEncodings = 0;
			knownRegions = (
				en,
				Base,
			);
			mainGroup = A00100000000000000000001;
			packageReferences = (
				A71000000000000000000000 /* XCLocalSwiftPackageReference "." */,
			);
			productRefGroup = A00200000000000000000001 /* Products */;
			projectDirPath = "";
			projectRoot = "";
			targets = (
				A20000000000000000000001 /* HealthCoachIOS */,
				A20000000000000000000002 /* HealthCoachMac */,
				A20000000000000000000003 /* HealthCoachWatch */,
			);
		};
/* End PBXProject section */

/* Begin PBXResourcesBuildPhase section */
		A60000000000000000000001 /* Resources */ = {
			isa = PBXResourcesBuildPhase;
			buildActionMask = 2147483647;
			files = (
			);
			runOnlyForDeploymentPostprocessing = 0;
		};
		A60000000000000000000002 /* Resources */ = {
			isa = PBXResourcesBuildPhase;
			buildActionMask = 2147483647;
			files = (
			);
			runOnlyForDeploymentPostprocessing = 0;
		};
		A60000000000000000000003 /* Resources */ = {
			isa = PBXResourcesBuildPhase;
			buildActionMask = 2147483647;
			files = (
			);
			runOnlyForDeploymentPostprocessing = 0;
		};
/* End PBXResourcesBuildPhase section */

/* Begin PBXShellScriptBuildPhase section */
		A80000000000000000000001 /* ShellScript */ = {
			isa = PBXShellScriptBuildPhase;
			buildActionMask = 2147483647;
			files = (
			);
			inputPaths = (
			);
			outputPaths = (
			);
			runOnlyForDeploymentPostprocessing = 0;
			shellPath = /bin/sh;
			shellScript = "set -eu\nHELPER_DIR=\"${TARGET_BUILD_DIR}/${CONTENTS_FOLDER_PATH}/Helpers\"\nmkdir -p \"${HELPER_DIR}\"\nif [ \"${CONFIGURATION}\" = \"Release\" ]; then HELPER_CONFIGURATION=release; else HELPER_CONFIGURATION=debug; fi\n/usr/bin/xcrun swift build --package-path \"${SRCROOT}\" --product healthcoach-mcp --configuration \"${HELPER_CONFIGURATION}\"\ncp \"${SRCROOT}/.build/${HELPER_CONFIGURATION}/healthcoach-mcp\" \"${HELPER_DIR}/healthcoach-mcp\"\nchmod 755 \"${HELPER_DIR}/healthcoach-mcp\"\n";
		};
/* End PBXShellScriptBuildPhase section */

/* Begin PBXSourcesBuildPhase section */
		A50000000000000000000001 /* Sources */ = {
			isa = PBXSourcesBuildPhase;
			buildActionMask = 2147483647;
			files = (
				A70200000000000000000001 /* HealthCoachApp.swift in Sources */,
				A70200000000000000000002 /* iOSAppModel.swift in Sources */,
				A70200000000000000000003 /* PhoneSyncService.swift in Sources */,
				A70200000000000000000004 /* PhoneWatchConnectivity.swift in Sources */,
				A70200000000000000000005 /* iOSRootView.swift in Sources */,
				A70200000000000000000006 /* iOSMealViews.swift in Sources */,
				A70200000000000000000007 /* iOSTrainingViews.swift in Sources */,
				A70200000000000000000008 /* iOSCoachSettingsViews.swift in Sources */,
				A70200000000000000000009 /* PairingScannerView.swift in Sources */,
			);
			runOnlyForDeploymentPostprocessing = 0;
		};
		A50000000000000000000002 /* Sources */ = {
			isa = PBXSourcesBuildPhase;
			buildActionMask = 2147483647;
			files = (
				A70300000000000000000001 /* HealthCoachMacApp.swift in Sources */,
				A70300000000000000000002 /* MacAppModel.swift in Sources */,
				A70300000000000000000003 /* MacDashboardView.swift in Sources */,
			);
			runOnlyForDeploymentPostprocessing = 0;
		};
		A50000000000000000000003 /* Sources */ = {
			isa = PBXSourcesBuildPhase;
			buildActionMask = 2147483647;
			files = (
				A70400000000000000000001 /* HealthCoachWatchApp.swift in Sources */,
				A70400000000000000000002 /* WatchConnectivityBridge.swift in Sources */,
				A70400000000000000000003 /* WatchAppModel.swift in Sources */,
				A70400000000000000000004 /* WatchWorkoutView.swift in Sources */,
				A70400000000000000000005 /* WatchWorkoutSessionController.swift in Sources */,
				A70400000000000000000006 /* WatchApplicationDelegate.swift in Sources */,
			);
			runOnlyForDeploymentPostprocessing = 0;
		};
/* End PBXSourcesBuildPhase section */

/* Begin XCBuildConfiguration section */
		A32000000000000000000001 /* Debug */ = {
			isa = XCBuildConfiguration;
			buildSettings = {
				ALWAYS_SEARCH_USER_PATHS = NO;
				CLANG_ENABLE_MODULES = YES;
				SWIFT_VERSION = 6.0;
			};
			name = Debug;
		};
		A32000000000000000000002 /* Release */ = {
			isa = XCBuildConfiguration;
			buildSettings = {
				ALWAYS_SEARCH_USER_PATHS = NO;
				CLANG_ENABLE_MODULES = YES;
				SWIFT_VERSION = 6.0;
			};
			name = Release;
		};
		A32100000000000000000001 /* Debug */ = {
			isa = XCBuildConfiguration;
			buildSettings = {
				CODE_SIGNING_ALLOWED = YES;
				CODE_SIGN_ENTITLEMENTS = Apps/iOS/HealthCoach.entitlements;
				CODE_SIGN_STYLE = Automatic;
				DEVELOPMENT_TEAM = UPK4SC93AN;
				GENERATE_INFOPLIST_FILE = NO;
				INFOPLIST_FILE = Apps/iOS/Info.plist;
				IPHONEOS_DEPLOYMENT_TARGET = 26.0;
				PRODUCT_BUNDLE_IDENTIFIER = com.marlonjd.HealthCoach;
				PRODUCT_NAME = HealthCoach;
				SDKROOT = iphoneos;
				SWIFT_EMIT_LOC_STRINGS = NO;
				SWIFT_STRICT_CONCURRENCY = complete;
				TARGETED_DEVICE_FAMILY = 1;
			};
			name = Debug;
		};
		A32100000000000000000002 /* Release */ = {
			isa = XCBuildConfiguration;
			buildSettings = {
				CODE_SIGNING_ALLOWED = YES;
				CODE_SIGN_ENTITLEMENTS = Apps/iOS/HealthCoach.entitlements;
				CODE_SIGN_STYLE = Automatic;
				DEVELOPMENT_TEAM = UPK4SC93AN;
				GENERATE_INFOPLIST_FILE = NO;
				INFOPLIST_FILE = Apps/iOS/Info.plist;
				IPHONEOS_DEPLOYMENT_TARGET = 26.0;
				PRODUCT_BUNDLE_IDENTIFIER = com.marlonjd.HealthCoach;
				PRODUCT_NAME = HealthCoach;
				SDKROOT = iphoneos;
				SWIFT_EMIT_LOC_STRINGS = NO;
				SWIFT_STRICT_CONCURRENCY = complete;
				TARGETED_DEVICE_FAMILY = 1;
			};
			name = Release;
		};
		A32100000000000000000003 /* Debug */ = {
			isa = XCBuildConfiguration;
			buildSettings = {
				CODE_SIGNING_ALLOWED = YES;
				CODE_SIGN_STYLE = Automatic;
				DEVELOPMENT_TEAM = UPK4SC93AN;
				GENERATE_INFOPLIST_FILE = NO;
				INFOPLIST_FILE = Apps/macOS/Info.plist;
				MACOSX_DEPLOYMENT_TARGET = 26.0;
				PRODUCT_BUNDLE_IDENTIFIER = com.marlonjd.HealthCoach.Mac;
				PRODUCT_NAME = HealthCoachMac;
				SDKROOT = macosx;
				SWIFT_EMIT_LOC_STRINGS = NO;
				SWIFT_STRICT_CONCURRENCY = complete;
			};
			name = Debug;
		};
		A32100000000000000000004 /* Release */ = {
			isa = XCBuildConfiguration;
			buildSettings = {
				CODE_SIGNING_ALLOWED = YES;
				CODE_SIGN_STYLE = Automatic;
				DEVELOPMENT_TEAM = UPK4SC93AN;
				GENERATE_INFOPLIST_FILE = NO;
				INFOPLIST_FILE = Apps/macOS/Info.plist;
				MACOSX_DEPLOYMENT_TARGET = 26.0;
				PRODUCT_BUNDLE_IDENTIFIER = com.marlonjd.HealthCoach.Mac;
				PRODUCT_NAME = HealthCoachMac;
				SDKROOT = macosx;
				SWIFT_EMIT_LOC_STRINGS = NO;
				SWIFT_STRICT_CONCURRENCY = complete;
			};
			name = Release;
		};
		A32100000000000000000005 /* Debug */ = {
			isa = XCBuildConfiguration;
			buildSettings = {
				CODE_SIGNING_ALLOWED = YES;
				CODE_SIGN_ENTITLEMENTS = Apps/watchOS/HealthCoachWatch.entitlements;
				CODE_SIGN_STYLE = Automatic;
				DEVELOPMENT_TEAM = UPK4SC93AN;
				GENERATE_INFOPLIST_FILE = NO;
				INFOPLIST_FILE = Apps/watchOS/Info.plist;
				PRODUCT_BUNDLE_IDENTIFIER = com.marlonjd.HealthCoach.watchkitapp;
				PRODUCT_NAME = HealthCoachWatch;
				SDKROOT = watchos;
				SWIFT_EMIT_LOC_STRINGS = NO;
				SWIFT_STRICT_CONCURRENCY = complete;
				TARGETED_DEVICE_FAMILY = 4;
				WATCHOS_DEPLOYMENT_TARGET = 26.0;
			};
			name = Debug;
		};
		A32100000000000000000006 /* Release */ = {
			isa = XCBuildConfiguration;
			buildSettings = {
				CODE_SIGNING_ALLOWED = YES;
				CODE_SIGN_ENTITLEMENTS = Apps/watchOS/HealthCoachWatch.entitlements;
				CODE_SIGN_STYLE = Automatic;
				DEVELOPMENT_TEAM = UPK4SC93AN;
				GENERATE_INFOPLIST_FILE = NO;
				INFOPLIST_FILE = Apps/watchOS/Info.plist;
				PRODUCT_BUNDLE_IDENTIFIER = com.marlonjd.HealthCoach.watchkitapp;
				PRODUCT_NAME = HealthCoachWatch;
				SDKROOT = watchos;
				SWIFT_EMIT_LOC_STRINGS = NO;
				SWIFT_STRICT_CONCURRENCY = complete;
				TARGETED_DEVICE_FAMILY = 4;
				WATCHOS_DEPLOYMENT_TARGET = 26.0;
			};
			name = Release;
		};
/* End XCBuildConfiguration section */

/* Begin XCConfigurationList section */
		A30000000000000000000001 /* Build configuration list for PBXNativeTarget "HealthCoachIOS" */ = {
			isa = XCConfigurationList;
			buildConfigurations = (
				A32100000000000000000001 /* Debug */,
				A32100000000000000000002 /* Release */,
			);
			defaultConfigurationIsVisible = 0;
			defaultConfigurationName = Release;
		};
		A30000000000000000000002 /* Build configuration list for PBXNativeTarget "HealthCoachMac" */ = {
			isa = XCConfigurationList;
			buildConfigurations = (
				A32100000000000000000003 /* Debug */,
				A32100000000000000000004 /* Release */,
			);
			defaultConfigurationIsVisible = 0;
			defaultConfigurationName = Release;
		};
		A30000000000000000000003 /* Build configuration list for PBXNativeTarget "HealthCoachWatch" */ = {
			isa = XCConfigurationList;
			buildConfigurations = (
				A32100000000000000000005 /* Debug */,
				A32100000000000000000006 /* Release */,
			);
			defaultConfigurationIsVisible = 0;
			defaultConfigurationName = Release;
		};
		A31000000000000000000001 /* Build configuration list for PBXProject "HealthCoach" */ = {
			isa = XCConfigurationList;
			buildConfigurations = (
				A32000000000000000000001 /* Debug */,
				A32000000000000000000002 /* Release */,
			);
			defaultConfigurationIsVisible = 0;
			defaultConfigurationName = Release;
		};
/* End XCConfigurationList section */

/* Begin XCLocalSwiftPackageReference section */
		A71000000000000000000000 /* XCLocalSwiftPackageReference "." */ = {
			isa = XCLocalSwiftPackageReference;
			relativePath = .;
		};
/* End XCLocalSwiftPackageReference section */

/* Begin XCSwiftPackageProductDependency section */
		A71000000000000000000001 /* HealthCoachKit */ = {
			isa = XCSwiftPackageProductDependency;
			package = A71000000000000000000000 /* XCLocalSwiftPackageReference "." */;
			productName = HealthCoachKit;
		};
/* End XCSwiftPackageProductDependency section */
	};
	rootObject = A00000000000000000000001 /* Project object */;
}
